
Microsoft Visual Studio Solution File, Format Version 12.00
# Visual Studio Version 17
VisualStudioVersion = 17.7.34031.279
MinimumVisualStudioVersion = 10.0.40219.1
Project("{FAE04EC0-301F-11D3-BF4B-00C04F79EFBC}") = "Test1-4", "Test1-4.csproj", "{6E3CC091-5A89-4877-818F-6BD471B6B35E}"
EndProject
Global
	GlobalSection(SolutionConfigurationPlatforms) = preSolution
		Debug|Any CPU = Debug|Any CPU
		Release|Any CPU = Release|Any CPU
	EndGlobalSection
	GlobalSection(ProjectConfigurationPlatforms) = postSolution
		{6E3CC091-5A89-4877-818F-6BD471B6B35E}.Debug|Any CPU.ActiveCfg = Debug|Any CPU
		{6E3CC091-5A89-4877-818F-6BD471B6B35E}.Debug|Any CPU.Build.0 = Debug|Any CPU
		{6E3CC091-5A89-4877-818F-6BD471B6B35E}.Release|Any CPU.ActiveCfg = Release|Any CPU
		{6E3CC091-5A89-4877-818F-6BD471B6B35E}.Release|Any CPU.Build.0 = Release|Any CPU
	EndGlobalSection
	GlobalSection(SolutionProperties) = preSolution
		HideSolutionNode = FALSE
	EndGlobalSection
	GlobalSection(ExtensibilityGlobals) = postSolution
		SolutionGuid = {03419473-8A5F-456A-B7C0-CA1F5FA4FFF9}
	EndGlobalSection
EndGlobal
