
Microsoft Visual Studio Solution File, Format Version 12.00
# Visual Studio Version 17
VisualStudioVersion = 17.7.34031.279
MinimumVisualStudioVersion = 10.0.40219.1
Project("{FAE04EC0-301F-11D3-BF4B-00C04F79EFBC}") = "Vehicles", "Vehicles.csproj", "{2E8B76AF-4676-4459-BCBD-8206625D6835}"
EndProject
Global
	GlobalSection(SolutionConfigurationPlatforms) = preSolution
		Debug|Any CPU = Debug|Any CPU
		Release|Any CPU = Release|Any CPU
	EndGlobalSection
	GlobalSection(ProjectConfigurationPlatforms) = postSolution
		{2E8B76AF-4676-4459-BCBD-8206625D6835}.Debug|Any CPU.ActiveCfg = Debug|Any CPU
		{2E8B76AF-4676-4459-BCBD-8206625D6835}.Debug|Any CPU.Build.0 = Debug|Any CPU
		{2E8B76AF-4676-4459-BCBD-8206625D6835}.Release|Any CPU.ActiveCfg = Release|Any CPU
		{2E8B76AF-4676-4459-BCBD-8206625D6835}.Release|Any CPU.Build.0 = Release|Any CPU
	EndGlobalSection
	GlobalSection(SolutionProperties) = preSolution
		HideSolutionNode = FALSE
	EndGlobalSection
	GlobalSection(ExtensibilityGlobals) = postSolution
		SolutionGuid = {B63FB32F-3F94-490A-A941-3BF2AF9E3DFC}
	EndGlobalSection
EndGlobal
