
Microsoft Visual Studio Solution File, Format Version 12.00
# Visual Studio Version 17
VisualStudioVersion = 17.7.34031.279
MinimumVisualStudioVersion = 10.0.40219.1
Project("{FAE04EC0-301F-11D3-BF4B-00C04F79EFBC}") = "PE8- yes_no", "PE8- yes_no.csproj", "{F6B57396-3662-4254-95F2-9365066E4A62}"
EndProject
Global
	GlobalSection(SolutionConfigurationPlatforms) = preSolution
		Debug|Any CPU = Debug|Any CPU
		Release|Any CPU = Release|Any CPU
	EndGlobalSection
	GlobalSection(ProjectConfigurationPlatforms) = postSolution
		{F6B57396-3662-4254-95F2-9365066E4A62}.Debug|Any CPU.ActiveCfg = Debug|Any CPU
		{F6B57396-3662-4254-95F2-9365066E4A62}.Debug|Any CPU.Build.0 = Debug|Any CPU
		{F6B57396-3662-4254-95F2-9365066E4A62}.Release|Any CPU.ActiveCfg = Release|Any CPU
		{F6B57396-3662-4254-95F2-9365066E4A62}.Release|Any CPU.Build.0 = Release|Any CPU
	EndGlobalSection
	GlobalSection(SolutionProperties) = preSolution
		HideSolutionNode = FALSE
	EndGlobalSection
	GlobalSection(ExtensibilityGlobals) = postSolution
		SolutionGuid = {5E7A3F18-3078-467A-9961-B2A511E57B4D}
	EndGlobalSection
EndGlobal
