
Microsoft Visual Studio Solution File, Format Version 12.00
# Visual Studio Version 17
VisualStudioVersion = 17.7.34024.191
MinimumVisualStudioVersion = 10.0.40219.1
Project("{FAE04EC0-301F-11D3-BF4B-00C04F79EFBC}") = "PE4-Exercise1", "PE4-Exercise1.csproj", "{E35BB61A-C92B-41CD-95CE-E4A2CFCE94E6}"
EndProject
Global
	GlobalSection(SolutionConfigurationPlatforms) = preSolution
		Debug|Any CPU = Debug|Any CPU
		Release|Any CPU = Release|Any CPU
	EndGlobalSection
	GlobalSection(ProjectConfigurationPlatforms) = postSolution
		{E35BB61A-C92B-41CD-95CE-E4A2CFCE94E6}.Debug|Any CPU.ActiveCfg = Debug|Any CPU
		{E35BB61A-C92B-41CD-95CE-E4A2CFCE94E6}.Debug|Any CPU.Build.0 = Debug|Any CPU
		{E35BB61A-C92B-41CD-95CE-E4A2CFCE94E6}.Release|Any CPU.ActiveCfg = Release|Any CPU
		{E35BB61A-C92B-41CD-95CE-E4A2CFCE94E6}.Release|Any CPU.Build.0 = Release|Any CPU
	EndGlobalSection
	GlobalSection(SolutionProperties) = preSolution
		HideSolutionNode = FALSE
	EndGlobalSection
	GlobalSection(ExtensibilityGlobals) = postSolution
		SolutionGuid = {8FB1704D-7CF7-4547-8D70-BE67B0967CE0}
	EndGlobalSection
EndGlobal
