
Microsoft Visual Studio Solution File, Format Version 12.00
# Visual Studio Version 17
VisualStudioVersion = 17.7.34024.191
MinimumVisualStudioVersion = 10.0.40219.1
Project("{FAE04EC0-301F-11D3-BF4B-00C04F79EFBC}") = "PE7-MadLibs", "PE7-MadLibs\PE7-MadLibs.csproj", "{2F8630E9-6967-48C4-9D97-E98A5BBEA42E}"
EndProject
Global
	GlobalSection(SolutionConfigurationPlatforms) = preSolution
		Debug|Any CPU = Debug|Any CPU
		Release|Any CPU = Release|Any CPU
	EndGlobalSection
	GlobalSection(ProjectConfigurationPlatforms) = postSolution
		{2F8630E9-6967-48C4-9D97-E98A5BBEA42E}.Debug|Any CPU.ActiveCfg = Debug|Any CPU
		{2F8630E9-6967-48C4-9D97-E98A5BBEA42E}.Debug|Any CPU.Build.0 = Debug|Any CPU
		{2F8630E9-6967-48C4-9D97-E98A5BBEA42E}.Release|Any CPU.ActiveCfg = Release|Any CPU
		{2F8630E9-6967-48C4-9D97-E98A5BBEA42E}.Release|Any CPU.Build.0 = Release|Any CPU
	EndGlobalSection
	GlobalSection(SolutionProperties) = preSolution
		HideSolutionNode = FALSE
	EndGlobalSection
	GlobalSection(ExtensibilityGlobals) = postSolution
		SolutionGuid = {AEFF1C81-6037-48E5-86AB-92B48895986A}
	EndGlobalSection
EndGlobal
