
Microsoft Visual Studio Solution File, Format Version 12.00
# Visual Studio Version 17
VisualStudioVersion = 17.7.34031.279
MinimumVisualStudioVersion = 10.0.40219.1
Project("{FAE04EC0-301F-11D3-BF4B-00C04F79EFBC}") = "Exam1", "Exam1.csproj", "{2AA8B1D8-2C91-4F41-B14A-64377A86D698}"
EndProject
Global
	GlobalSection(SolutionConfigurationPlatforms) = preSolution
		Debug|Any CPU = Debug|Any CPU
		Release|Any CPU = Release|Any CPU
	EndGlobalSection
	GlobalSection(ProjectConfigurationPlatforms) = postSolution
		{2AA8B1D8-2C91-4F41-B14A-64377A86D698}.Debug|Any CPU.ActiveCfg = Debug|Any CPU
		{2AA8B1D8-2C91-4F41-B14A-64377A86D698}.Debug|Any CPU.Build.0 = Debug|Any CPU
		{2AA8B1D8-2C91-4F41-B14A-64377A86D698}.Release|Any CPU.ActiveCfg = Release|Any CPU
		{2AA8B1D8-2C91-4F41-B14A-64377A86D698}.Release|Any CPU.Build.0 = Release|Any CPU
	EndGlobalSection
	GlobalSection(SolutionProperties) = preSolution
		HideSolutionNode = FALSE
	EndGlobalSection
	GlobalSection(ExtensibilityGlobals) = postSolution
		SolutionGuid = {5C045EA4-2234-47A3-A739-DE49FAE35DF7}
	EndGlobalSection
EndGlobal
