
Microsoft Visual Studio Solution File, Format Version 12.00
# Visual Studio Version 17
VisualStudioVersion = 17.7.34024.191
MinimumVisualStudioVersion = 10.0.40219.1
Project("{FAE04EC0-301F-11D3-BF4B-00C04F79EFBC}") = "MyFirstWindowsFormsApp", "MyFirstWindowsFormsApp.csproj", "{D9A297C7-2004-4B1D-A778-9C0B885C8400}"
EndProject
Global
	GlobalSection(SolutionConfigurationPlatforms) = preSolution
		Debug|Any CPU = Debug|Any CPU
		Release|Any CPU = Release|Any CPU
	EndGlobalSection
	GlobalSection(ProjectConfigurationPlatforms) = postSolution
		{D9A297C7-2004-4B1D-A778-9C0B885C8400}.Debug|Any CPU.ActiveCfg = Debug|Any CPU
		{D9A297C7-2004-4B1D-A778-9C0B885C8400}.Debug|Any CPU.Build.0 = Debug|Any CPU
		{D9A297C7-2004-4B1D-A778-9C0B885C8400}.Release|Any CPU.ActiveCfg = Release|Any CPU
		{D9A297C7-2004-4B1D-A778-9C0B885C8400}.Release|Any CPU.Build.0 = Release|Any CPU
	EndGlobalSection
	GlobalSection(SolutionProperties) = preSolution
		HideSolutionNode = FALSE
	EndGlobalSection
	GlobalSection(ExtensibilityGlobals) = postSolution
		SolutionGuid = {B313DA96-E8E5-4967-8DF5-1F38A195CB02}
	EndGlobalSection
EndGlobal
