
Microsoft Visual Studio Solution File, Format Version 12.00
# Visual Studio Version 17
VisualStudioVersion = 17.7.34031.279
MinimumVisualStudioVersion = 10.0.40219.1
Project("{FAE04EC0-301F-11D3-BF4B-00C04F79EFBC}") = "Dyscord", "Dyscord.csproj", "{63B86538-A717-4B44-974C-C5AD7CCD8E03}"
EndProject
Global
	GlobalSection(SolutionConfigurationPlatforms) = preSolution
		Debug|Any CPU = Debug|Any CPU
		Release|Any CPU = Release|Any CPU
	EndGlobalSection
	GlobalSection(ProjectConfigurationPlatforms) = postSolution
		{63B86538-A717-4B44-974C-C5AD7CCD8E03}.Debug|Any CPU.ActiveCfg = Debug|Any CPU
		{63B86538-A717-4B44-974C-C5AD7CCD8E03}.Debug|Any CPU.Build.0 = Debug|Any CPU
		{63B86538-A717-4B44-974C-C5AD7CCD8E03}.Release|Any CPU.ActiveCfg = Release|Any CPU
		{63B86538-A717-4B44-974C-C5AD7CCD8E03}.Release|Any CPU.Build.0 = Release|Any CPU
	EndGlobalSection
	GlobalSection(SolutionProperties) = preSolution
		HideSolutionNode = FALSE
	EndGlobalSection
	GlobalSection(ExtensibilityGlobals) = postSolution
		SolutionGuid = {A8ED524C-EA79-4411-91F6-B59F5E06FB35}
	EndGlobalSection
EndGlobal
