
Microsoft Visual Studio Solution File, Format Version 12.00
# Visual Studio Version 17
VisualStudioVersion = 17.7.34031.279
MinimumVisualStudioVersion = 10.0.40219.1
Project("{FAE04EC0-301F-11D3-BF4B-00C04F79EFBC}") = "Exam3-5", "Exam3-5.csproj", "{3A2186BE-AD9A-40C1-AD2C-B4FA291105FF}"
EndProject
Global
	GlobalSection(SolutionConfigurationPlatforms) = preSolution
		Debug|Any CPU = Debug|Any CPU
		Release|Any CPU = Release|Any CPU
	EndGlobalSection
	GlobalSection(ProjectConfigurationPlatforms) = postSolution
		{3A2186BE-AD9A-40C1-AD2C-B4FA291105FF}.Debug|Any CPU.ActiveCfg = Debug|Any CPU
		{3A2186BE-AD9A-40C1-AD2C-B4FA291105FF}.Debug|Any CPU.Build.0 = Debug|Any CPU
		{3A2186BE-AD9A-40C1-AD2C-B4FA291105FF}.Release|Any CPU.ActiveCfg = Release|Any CPU
		{3A2186BE-AD9A-40C1-AD2C-B4FA291105FF}.Release|Any CPU.Build.0 = Release|Any CPU
	EndGlobalSection
	GlobalSection(SolutionProperties) = preSolution
		HideSolutionNode = FALSE
	EndGlobalSection
	GlobalSection(ExtensibilityGlobals) = postSolution
		SolutionGuid = {0C627936-EE7E-4571-AEC6-D9F6F106CF9A}
	EndGlobalSection
EndGlobal
