
Microsoft Visual Studio Solution File, Format Version 12.00
# Visual Studio Version 17
VisualStudioVersion = 17.7.34031.279
MinimumVisualStudioVersion = 10.0.40219.1
Project("{FAE04EC0-301F-11D3-BF4B-00C04F79EFBC}") = "Exam2-DW", "Exam2-DW.csproj", "{CE43A5AE-8F8E-4B86-99DC-20B023077B8E}"
EndProject
Global
	GlobalSection(SolutionConfigurationPlatforms) = preSolution
		Debug|Any CPU = Debug|Any CPU
		Release|Any CPU = Release|Any CPU
	EndGlobalSection
	GlobalSection(ProjectConfigurationPlatforms) = postSolution
		{CE43A5AE-8F8E-4B86-99DC-20B023077B8E}.Debug|Any CPU.ActiveCfg = Debug|Any CPU
		{CE43A5AE-8F8E-4B86-99DC-20B023077B8E}.Debug|Any CPU.Build.0 = Debug|Any CPU
		{CE43A5AE-8F8E-4B86-99DC-20B023077B8E}.Release|Any CPU.ActiveCfg = Release|Any CPU
		{CE43A5AE-8F8E-4B86-99DC-20B023077B8E}.Release|Any CPU.Build.0 = Release|Any CPU
	EndGlobalSection
	GlobalSection(SolutionProperties) = preSolution
		HideSolutionNode = FALSE
	EndGlobalSection
	GlobalSection(ExtensibilityGlobals) = postSolution
		SolutionGuid = {DE5AA7D4-C070-4B7F-80E3-B1BC9F2540DA}
	EndGlobalSection
EndGlobal
