
Microsoft Visual Studio Solution File, Format Version 12.00
# Visual Studio Version 17
VisualStudioVersion = 17.7.34031.279
MinimumVisualStudioVersion = 10.0.40219.1
Project("{FAE04EC0-301F-11D3-BF4B-00C04F79EFBC}") = "PE8- ReverseStr", "PE8- ReverseStr.csproj", "{3D1400E0-18EB-4D46-B703-0BF664B912D4}"
EndProject
Global
	GlobalSection(SolutionConfigurationPlatforms) = preSolution
		Debug|Any CPU = Debug|Any CPU
		Release|Any CPU = Release|Any CPU
	EndGlobalSection
	GlobalSection(ProjectConfigurationPlatforms) = postSolution
		{3D1400E0-18EB-4D46-B703-0BF664B912D4}.Debug|Any CPU.ActiveCfg = Debug|Any CPU
		{3D1400E0-18EB-4D46-B703-0BF664B912D4}.Debug|Any CPU.Build.0 = Debug|Any CPU
		{3D1400E0-18EB-4D46-B703-0BF664B912D4}.Release|Any CPU.ActiveCfg = Release|Any CPU
		{3D1400E0-18EB-4D46-B703-0BF664B912D4}.Release|Any CPU.Build.0 = Release|Any CPU
	EndGlobalSection
	GlobalSection(SolutionProperties) = preSolution
		HideSolutionNode = FALSE
	EndGlobalSection
	GlobalSection(ExtensibilityGlobals) = postSolution
		SolutionGuid = {A996E892-B1AE-44C4-BF38-31ED20083254}
	EndGlobalSection
EndGlobal
