
Microsoft Visual Studio Solution File, Format Version 12.00
# Visual Studio Version 17
VisualStudioVersion = 17.7.34031.279
MinimumVisualStudioVersion = 10.0.40219.1
Project("{FAE04EC0-301F-11D3-BF4B-00C04F79EFBC}") = "UnitTest3-3", "UnitTest3-3.csproj", "{5AB9B289-5EBA-45CD-A547-03C5A2146400}"
EndProject
Global
	GlobalSection(SolutionConfigurationPlatforms) = preSolution
		Debug|Any CPU = Debug|Any CPU
		Release|Any CPU = Release|Any CPU
	EndGlobalSection
	GlobalSection(ProjectConfigurationPlatforms) = postSolution
		{5AB9B289-5EBA-45CD-A547-03C5A2146400}.Debug|Any CPU.ActiveCfg = Debug|Any CPU
		{5AB9B289-5EBA-45CD-A547-03C5A2146400}.Debug|Any CPU.Build.0 = Debug|Any CPU
		{5AB9B289-5EBA-45CD-A547-03C5A2146400}.Release|Any CPU.ActiveCfg = Release|Any CPU
		{5AB9B289-5EBA-45CD-A547-03C5A2146400}.Release|Any CPU.Build.0 = Release|Any CPU
	EndGlobalSection
	GlobalSection(SolutionProperties) = preSolution
		HideSolutionNode = FALSE
	EndGlobalSection
	GlobalSection(ExtensibilityGlobals) = postSolution
		SolutionGuid = {D6239136-E626-4A5F-ACA4-92801D9143E1}
	EndGlobalSection
EndGlobal
